
Microsoft Visual Studio Solution File, Format Version 12.00
# Visual Studio 2013
VisualStudioVersion = 12.0.40629.0
MinimumVisualStudioVersion = 10.0.40219.1
Project("{FAE04EC0-301F-11D3-BF4B-00C04F79EFBC}") = "GrafikaAlap", "GrafikaAlap\GrafikaAlap.csproj", "{FF94C356-A925-4BC3-B41B-C804037FAEEE}"
EndProject
Global
	GlobalSection(SolutionConfigurationPlatforms) = preSolution
		Debug|Any CPU = Debug|Any CPU
		Release|Any CPU = Release|Any CPU
	EndGlobalSection
	GlobalSection(ProjectConfigurationPlatforms) = postSolution
		{FF94C356-A925-4BC3-B41B-C804037FAEEE}.Debug|Any CPU.ActiveCfg = Debug|Any CPU
		{FF94C356-A925-4BC3-B41B-C804037FAEEE}.Debug|Any CPU.Build.0 = Debug|Any CPU
		{FF94C356-A925-4BC3-B41B-C804037FAEEE}.Release|Any CPU.ActiveCfg = Release|Any CPU
		{FF94C356-A925-4BC3-B41B-C804037FAEEE}.Release|Any CPU.Build.0 = Release|Any CPU
	EndGlobalSection
	GlobalSection(SolutionProperties) = preSolution
		HideSolutionNode = FALSE
	EndGlobalSection
EndGlobal
